{
    "version": 3,
    "terraform_version": "0.11.14",
    "serial": 7,
    "lineage": "b4ae68ce-84bc-d098-b1f2-c232570bc060",
    "modules": [
        {
            "path": [
                "root"
            ],
            "outputs": {},
            "resources": {
                "data.vsphere_compute_cluster.cluster": {
                    "type": "vsphere_compute_cluster",
                    "depends_on": [
                        "data.vsphere_datacenter.dc"
                    ],
                    "primary": {
                        "id": "domain-c26",
                        "attributes": {
                            "datacenter_id": "datacenter-21",
                            "id": "domain-c26",
                            "name": "Cluster",
                            "resource_pool_id": "resgroup-27"
                        },
                        "meta": {},
                        "tainted": false
                    },
                    "deposed": [],
                    "provider": "provider.vsphere"
                },
                "data.vsphere_datacenter.dc": {
                    "type": "vsphere_datacenter",
                    "depends_on": [],
                    "primary": {
                        "id": "datacenter-21",
                        "attributes": {
                            "id": "datacenter-21",
                            "name": "Datacenter"
                        },
                        "meta": {},
                        "tainted": false
                    },
                    "deposed": [],
                    "provider": "provider.vsphere"
                },
                "data.vsphere_datastore.datastore": {
                    "type": "vsphere_datastore",
                    "depends_on": [
                        "data.vsphere_datacenter.dc"
                    ],
                    "primary": {
                        "id": "datastore-49",
                        "attributes": {
                            "datacenter_id": "datacenter-21",
                            "id": "datastore-49",
                            "name": "vsanDatastore"
                        },
                        "meta": {},
                        "tainted": false
                    },
                    "deposed": [],
                    "provider": "provider.vsphere"
                },
                "data.vsphere_host.host": {
                    "type": "vsphere_host",
                    "depends_on": [
                        "data.vsphere_datacenter.dc"
                    ],
                    "primary": {
                        "id": "host-36",
                        "attributes": {
                            "datacenter_id": "datacenter-21",
                            "id": "host-36",
                            "name": "10.65.160.11",
                            "resource_pool_id": "resgroup-27"
                        },
                        "meta": {},
                        "tainted": false
                    },
                    "deposed": [],
                    "provider": "provider.vsphere"
                },
                "data.vsphere_network.network": {
                    "type": "vsphere_network",
                    "depends_on": [
                        "data.vsphere_datacenter.dc"
                    ],
                    "primary": {
                        "id": "dvportgroup-45",
                        "attributes": {
                            "datacenter_id": "datacenter-21",
                            "id": "dvportgroup-45",
                            "name": "Management Port Group",
                            "type": "DistributedVirtualPortgroup"
                        },
                        "meta": {},
                        "tainted": false
                    },
                    "deposed": [],
                    "provider": "provider.vsphere"
                },
                "data.vsphere_virtual_machine.template": {
                    "type": "vsphere_virtual_machine",
                    "depends_on": [
                        "data.vsphere_datacenter.dc"
                    ],
                    "primary": {
                        "id": "42319b0d-a44a-1d3f-de0f-236f185a7c8e",
                        "attributes": {
                            "alternate_guest_name": "",
                            "annotation": "",
                            "boot_delay": "0",
                            "boot_retry_delay": "10000",
                            "boot_retry_enabled": "false",
                            "change_version": "2020-09-11T06:13:13.264382Z",
                            "cpu_hot_add_enabled": "false",
                            "cpu_hot_remove_enabled": "false",
                            "cpu_limit": "-1",
                            "cpu_performance_counters_enabled": "false",
                            "cpu_reservation": "0",
                            "cpu_share_count": "2000",
                            "cpu_share_level": "normal",
                            "datacenter_id": "datacenter-21",
                            "disks.#": "3",
                            "disks.0.eagerly_scrub": "false",
                            "disks.0.label": "Hard disk 1",
                            "disks.0.size": "16",
                            "disks.0.thin_provisioned": "true",
                            "disks.0.unit_number": "0",
                            "disks.1.eagerly_scrub": "false",
                            "disks.1.label": "Hard disk 2",
                            "disks.1.size": "10",
                            "disks.1.thin_provisioned": "true",
                            "disks.1.unit_number": "1",
                            "disks.2.eagerly_scrub": "false",
                            "disks.2.label": "Hard disk 3",
                            "disks.2.size": "20",
                            "disks.2.thin_provisioned": "true",
                            "disks.2.unit_number": "2",
                            "efi_secure_boot_enabled": "false",
                            "enable_disk_uuid": "false",
                            "enable_logging": "false",
                            "ept_rvi_mode": "automatic",
                            "extra_config.%": "0",
                            "firmware": "bios",
                            "guest_id": "centos7_64Guest",
                            "guest_ip_addresses.#": "0",
                            "hardware_version": "14",
                            "hv_mode": "hvAuto",
                            "id": "42319b0d-a44a-1d3f-de0f-236f185a7c8e",
                            "ide_controller_scan_count": "2",
                            "latency_sensitivity": "normal",
                            "memory": "1024",
                            "memory_hot_add_enabled": "false",
                            "memory_limit": "-1",
                            "memory_reservation": "0",
                            "memory_share_count": "10240",
                            "memory_share_level": "normal",
                            "name": "NICE-0911-TEST",
                            "nested_hv_enabled": "false",
                            "network_interface_types.#": "1",
                            "network_interface_types.0": "vmxnet3",
                            "num_cores_per_socket": "1",
                            "num_cpus": "2",
                            "run_tools_scripts_after_power_on": "true",
                            "run_tools_scripts_after_resume": "true",
                            "run_tools_scripts_before_guest_reboot": "false",
                            "run_tools_scripts_before_guest_shutdown": "true",
                            "run_tools_scripts_before_guest_standby": "true",
                            "sata_controller_scan_count": "0",
                            "scsi_bus_sharing": "noSharing",
                            "scsi_controller_scan_count": "1",
                            "scsi_type": "pvscsi",
                            "swap_placement_policy": "inherit",
                            "sync_time_with_host": "false",
                            "uuid": "42319b0d-a44a-1d3f-de0f-236f185a7c8e",
                            "vapp_transport.#": "0"
                        },
                        "meta": {},
                        "tainted": false
                    },
                    "deposed": [],
                    "provider": "provider.vsphere"
                },
                "vsphere_virtual_machine.vm_linux": {
                    "type": "vsphere_virtual_machine",
                    "depends_on": [
                        "data.vsphere_compute_cluster.cluster",
                        "data.vsphere_datastore.datastore",
                        "data.vsphere_host.host",
                        "data.vsphere_network.network",
                        "data.vsphere_virtual_machine.template"
                    ],
                    "primary": {
                        "id": "42314b89-5153-55db-19bd-044f062eea00",
                        "attributes": {
                            "alternate_guest_name": "",
                            "annotation": "",
                            "boot_delay": "0",
                            "boot_retry_delay": "10000",
                            "boot_retry_enabled": "false",
                            "cdrom.#": "0",
                            "change_version": "2020-09-11T06:44:34.834839Z",
                            "clone.#": "1",
                            "clone.0.customize.#": "1",
                            "clone.0.customize.0.dns_server_list.#": "1",
                            "clone.0.customize.0.dns_server_list.0": "8.8.8.8",
                            "clone.0.customize.0.dns_suffix_list.#": "0",
                            "clone.0.customize.0.ipv4_gateway": "10.65.160.1",
                            "clone.0.customize.0.ipv6_gateway": "",
                            "clone.0.customize.0.linux_options.#": "1",
                            "clone.0.customize.0.linux_options.0.domain": "rpcb.local",
                            "clone.0.customize.0.linux_options.0.host_name": "0825-TEST-VM-01",
                            "clone.0.customize.0.linux_options.0.hw_clock_utc": "true",
                            "clone.0.customize.0.linux_options.0.time_zone": "",
                            "clone.0.customize.0.network_interface.#": "1",
                            "clone.0.customize.0.network_interface.0.dns_domain": "",
                            "clone.0.customize.0.network_interface.0.dns_server_list.#": "0",
                            "clone.0.customize.0.network_interface.0.ipv4_address": "10.65.160.200",
                            "clone.0.customize.0.network_interface.0.ipv4_netmask": "16",
                            "clone.0.customize.0.network_interface.0.ipv6_address": "",
                            "clone.0.customize.0.network_interface.0.ipv6_netmask": "0",
                            "clone.0.customize.0.timeout": "10",
                            "clone.0.customize.0.windows_options.#": "0",
                            "clone.0.customize.0.windows_sysprep_text": "",
                            "clone.0.linked_clone": "false",
                            "clone.0.ovf_network_map.%": "0",
                            "clone.0.ovf_storage_map.%": "0",
                            "clone.0.template_uuid": "42319b0d-a44a-1d3f-de0f-236f185a7c8e",
                            "clone.0.timeout": "30",
                            "cpu_hot_add_enabled": "false",
                            "cpu_hot_remove_enabled": "false",
                            "cpu_limit": "-1",
                            "cpu_performance_counters_enabled": "false",
                            "cpu_reservation": "0",
                            "cpu_share_count": "2000",
                            "cpu_share_level": "normal",
                            "custom_attributes.%": "0",
                            "datastore_id": "datastore-49",
                            "default_ip_address": "10.65.160.200",
                            "disk.#": "3",
                            "disk.0.attach": "false",
                            "disk.0.controller_type": "scsi",
                            "disk.0.datastore_id": "datastore-49",
                            "disk.0.device_address": "scsi:0:0",
                            "disk.0.disk_mode": "persistent",
                            "disk.0.disk_sharing": "sharingNone",
                            "disk.0.eagerly_scrub": "false",
                            "disk.0.io_limit": "-1",
                            "disk.0.io_reservation": "0",
                            "disk.0.io_share_count": "1000",
                            "disk.0.io_share_level": "normal",
                            "disk.0.keep_on_remove": "false",
                            "disk.0.key": "2000",
                            "disk.0.label": "disk0",
                            "disk.0.name": "",
                            "disk.0.path": "a61c5b5f-e2dd-fd88-8c41-8c0f6f7db902/NICE-0826-TEST-VM-01.vmdk",
                            "disk.0.size": "16",
                            "disk.0.storage_policy_id": "aa6d5a82-1c88-45da-85d3-3d74b91a5bad",
                            "disk.0.thin_provisioned": "true",
                            "disk.0.unit_number": "0",
                            "disk.0.uuid": "6000C298-908e-9508-0b29-a5247fe09688",
                            "disk.0.write_through": "false",
                            "disk.1.attach": "false",
                            "disk.1.controller_type": "scsi",
                            "disk.1.datastore_id": "datastore-49",
                            "disk.1.device_address": "scsi:0:1",
                            "disk.1.disk_mode": "persistent",
                            "disk.1.disk_sharing": "sharingNone",
                            "disk.1.eagerly_scrub": "false",
                            "disk.1.io_limit": "-1",
                            "disk.1.io_reservation": "0",
                            "disk.1.io_share_count": "1000",
                            "disk.1.io_share_level": "normal",
                            "disk.1.keep_on_remove": "false",
                            "disk.1.key": "2001",
                            "disk.1.label": "disk1",
                            "disk.1.name": "",
                            "disk.1.path": "a61c5b5f-e2dd-fd88-8c41-8c0f6f7db902/NICE-0826-TEST-VM-01_1.vmdk",
                            "disk.1.size": "20",
                            "disk.1.storage_policy_id": "aa6d5a82-1c88-45da-85d3-3d74b91a5bad",
                            "disk.1.thin_provisioned": "true",
                            "disk.1.unit_number": "1",
                            "disk.1.uuid": "6000C294-5b74-926b-a0b9-8f391b966bb5",
                            "disk.1.write_through": "false",
                            "disk.2.attach": "false",
                            "disk.2.controller_type": "scsi",
                            "disk.2.datastore_id": "datastore-49",
                            "disk.2.device_address": "scsi:0:2",
                            "disk.2.disk_mode": "persistent",
                            "disk.2.disk_sharing": "sharingNone",
                            "disk.2.eagerly_scrub": "false",
                            "disk.2.io_limit": "-1",
                            "disk.2.io_reservation": "0",
                            "disk.2.io_share_count": "1000",
                            "disk.2.io_share_level": "normal",
                            "disk.2.keep_on_remove": "false",
                            "disk.2.key": "2002",
                            "disk.2.label": "disk2",
                            "disk.2.name": "",
                            "disk.2.path": "a61c5b5f-e2dd-fd88-8c41-8c0f6f7db902/NICE-0826-TEST-VM-01_2.vmdk",
                            "disk.2.size": "20",
                            "disk.2.storage_policy_id": "aa6d5a82-1c88-45da-85d3-3d74b91a5bad",
                            "disk.2.thin_provisioned": "true",
                            "disk.2.unit_number": "2",
                            "disk.2.uuid": "6000C295-54ba-0372-411c-02505ba4de7a",
                            "disk.2.write_through": "false",
                            "efi_secure_boot_enabled": "false",
                            "enable_disk_uuid": "false",
                            "enable_logging": "false",
                            "ept_rvi_mode": "automatic",
                            "extra_config.%": "0",
                            "firmware": "bios",
                            "folder": "",
                            "force_power_off": "true",
                            "guest_id": "centos7_64Guest",
                            "guest_ip_addresses.#": "2",
                            "guest_ip_addresses.0": "10.65.160.200",
                            "guest_ip_addresses.1": "fe80::250:56ff:feb1:7d27",
                            "hardware_version": "14",
                            "host_system_id": "host-36",
                            "hv_mode": "hvAuto",
                            "id": "42314b89-5153-55db-19bd-044f062eea00",
                            "ide_controller_count": "2",
                            "latency_sensitivity": "normal",
                            "memory": "1024",
                            "memory_hot_add_enabled": "false",
                            "memory_limit": "-1",
                            "memory_reservation": "0",
                            "memory_share_count": "10240",
                            "memory_share_level": "normal",
                            "migrate_wait_timeout": "30",
                            "moid": "vm-1192",
                            "name": "NICE-0826-TEST-VM-01",
                            "nested_hv_enabled": "false",
                            "network_interface.#": "1",
                            "network_interface.0.adapter_type": "vmxnet3",
                            "network_interface.0.bandwidth_limit": "-1",
                            "network_interface.0.bandwidth_reservation": "0",
                            "network_interface.0.bandwidth_share_count": "50",
                            "network_interface.0.bandwidth_share_level": "normal",
                            "network_interface.0.device_address": "pci:0:7",
                            "network_interface.0.key": "4000",
                            "network_interface.0.mac_address": "00:50:56:b1:7d:27",
                            "network_interface.0.network_id": "dvportgroup-45",
                            "network_interface.0.ovf_mapping": "",
                            "network_interface.0.use_static_mac": "false",
                            "num_cores_per_socket": "1",
                            "num_cpus": "2",
                            "pci_device_id.#": "0",
                            "poweron_timeout": "300",
                            "reboot_required": "false",
                            "resource_pool_id": "resgroup-27",
                            "run_tools_scripts_after_power_on": "true",
                            "run_tools_scripts_after_resume": "true",
                            "run_tools_scripts_before_guest_reboot": "false",
                            "run_tools_scripts_before_guest_shutdown": "true",
                            "run_tools_scripts_before_guest_standby": "true",
                            "sata_controller_count": "0",
                            "scsi_bus_sharing": "noSharing",
                            "scsi_controller_count": "1",
                            "scsi_type": "pvscsi",
                            "shutdown_wait_timeout": "3",
                            "storage_policy_id": "aa6d5a82-1c88-45da-85d3-3d74b91a5bad",
                            "swap_placement_policy": "inherit",
                            "sync_time_with_host": "false",
                            "tags.#": "0",
                            "uuid": "42314b89-5153-55db-19bd-044f062eea00",
                            "vapp_transport.#": "0",
                            "vmware_tools_status": "guestToolsRunning",
                            "vmx_path": "a61c5b5f-e2dd-fd88-8c41-8c0f6f7db902/NICE-0826-TEST-VM-01.vmx",
                            "wait_for_guest_ip_timeout": "0",
                            "wait_for_guest_net_routable": "true",
                            "wait_for_guest_net_timeout": "5"
                        },
                        "meta": {
                            "schema_version": "3"
                        },
                        "tainted": true
                    },
                    "deposed": [],
                    "provider": "provider.vsphere"
                }
            },
            "depends_on": []
        }
    ]
}
